
Microsoft Visual Studio Solution File, Format Version 12.00
# Visual Studio Version 17
VisualStudioVersion = 17.14.37012.4 d17.14
MinimumVisualStudioVersion = 10.0.40219.1
Project("{FAE04EC0-301F-11D3-BF4B-00C04F79EFBC}") = "Zad1", "Zad1\Zad1.csproj", "{5A39FA4E-47E8-48B0-BFFD-09507ACF4168}"
EndProject
Project("{FAE04EC0-301F-11D3-BF4B-00C04F79EFBC}") = "Zad2", "Zad2\Zad2.csproj", "{80E90383-0872-4DA1-982C-D7F3624A808D}"
EndProject
Project("{FAE04EC0-301F-11D3-BF4B-00C04F79EFBC}") = "Zad3", "Zad3\Zad3.csproj", "{944143F5-E8C3-428A-B3B8-59F09322E083}"
EndProject
Global
	GlobalSection(SolutionConfigurationPlatforms) = preSolution
		Debug|Any CPU = Debug|Any CPU
		Release|Any CPU = Release|Any CPU
	EndGlobalSection
	GlobalSection(ProjectConfigurationPlatforms) = postSolution
		{5A39FA4E-47E8-48B0-BFFD-09507ACF4168}.Debug|Any CPU.ActiveCfg = Debug|Any CPU
		{5A39FA4E-47E8-48B0-BFFD-09507ACF4168}.Debug|Any CPU.Build.0 = Debug|Any CPU
		{5A39FA4E-47E8-48B0-BFFD-09507ACF4168}.Release|Any CPU.ActiveCfg = Release|Any CPU
		{5A39FA4E-47E8-48B0-BFFD-09507ACF4168}.Release|Any CPU.Build.0 = Release|Any CPU
		{80E90383-0872-4DA1-982C-D7F3624A808D}.Debug|Any CPU.ActiveCfg = Debug|Any CPU
		{80E90383-0872-4DA1-982C-D7F3624A808D}.Debug|Any CPU.Build.0 = Debug|Any CPU
		{80E90383-0872-4DA1-982C-D7F3624A808D}.Release|Any CPU.ActiveCfg = Release|Any CPU
		{80E90383-0872-4DA1-982C-D7F3624A808D}.Release|Any CPU.Build.0 = Release|Any CPU
		{944143F5-E8C3-428A-B3B8-59F09322E083}.Debug|Any CPU.ActiveCfg = Debug|Any CPU
		{944143F5-E8C3-428A-B3B8-59F09322E083}.Debug|Any CPU.Build.0 = Debug|Any CPU
		{944143F5-E8C3-428A-B3B8-59F09322E083}.Release|Any CPU.ActiveCfg = Release|Any CPU
		{944143F5-E8C3-428A-B3B8-59F09322E083}.Release|Any CPU.Build.0 = Release|Any CPU
	EndGlobalSection
	GlobalSection(SolutionProperties) = preSolution
		HideSolutionNode = FALSE
	EndGlobalSection
	GlobalSection(ExtensibilityGlobals) = postSolution
		SolutionGuid = {95A08F68-6F2A-4F4F-A398-F33F1952B7A2}
	EndGlobalSection
EndGlobal
